
Microsoft Visual Studio Solution File, Format Version 12.00
# Visual Studio Version 17
VisualStudioVersion = 17.3.32819.101
MinimumVisualStudioVersion = 10.0.40219.1
Project("{9A19103F-16F7-4668-BE54-9A1E7A4F7556}") = "ColorEx", "ColorEx\ColorEx.csproj", "{C7B8197E-8AEA-4F06-BDE0-2D3B46DAFA83}"
EndProject
Project("{9A19103F-16F7-4668-BE54-9A1E7A4F7556}") = "ColorEx.Wpf", "ColorEx.Wpf\ColorEx.Wpf.csproj", "{FE2623F5-D91A-4267-848A-EC0941EE492A}"
EndProject
Project("{9A19103F-16F7-4668-BE54-9A1E7A4F7556}") = "Tests", "Tests\Tests.csproj", "{7D4DA997-D6E1-48BD-BA1B-FCB15B08C41F}"
EndProject
Global
	GlobalSection(SolutionConfigurationPlatforms) = preSolution
		Debug|Any CPU = Debug|Any CPU
		Release|Any CPU = Release|Any CPU
	EndGlobalSection
	GlobalSection(ProjectConfigurationPlatforms) = postSolution
		{C7B8197E-8AEA-4F06-BDE0-2D3B46DAFA83}.Debug|Any CPU.ActiveCfg = Debug|Any CPU
		{C7B8197E-8AEA-4F06-BDE0-2D3B46DAFA83}.Debug|Any CPU.Build.0 = Debug|Any CPU
		{C7B8197E-8AEA-4F06-BDE0-2D3B46DAFA83}.Release|Any CPU.ActiveCfg = Release|Any CPU
		{C7B8197E-8AEA-4F06-BDE0-2D3B46DAFA83}.Release|Any CPU.Build.0 = Release|Any CPU
		{FE2623F5-D91A-4267-848A-EC0941EE492A}.Debug|Any CPU.ActiveCfg = Debug|Any CPU
		{FE2623F5-D91A-4267-848A-EC0941EE492A}.Debug|Any CPU.Build.0 = Debug|Any CPU
		{FE2623F5-D91A-4267-848A-EC0941EE492A}.Release|Any CPU.ActiveCfg = Release|Any CPU
		{FE2623F5-D91A-4267-848A-EC0941EE492A}.Release|Any CPU.Build.0 = Release|Any CPU
		{7D4DA997-D6E1-48BD-BA1B-FCB15B08C41F}.Debug|Any CPU.ActiveCfg = Debug|Any CPU
		{7D4DA997-D6E1-48BD-BA1B-FCB15B08C41F}.Debug|Any CPU.Build.0 = Debug|Any CPU
		{7D4DA997-D6E1-48BD-BA1B-FCB15B08C41F}.Release|Any CPU.ActiveCfg = Release|Any CPU
		{7D4DA997-D6E1-48BD-BA1B-FCB15B08C41F}.Release|Any CPU.Build.0 = Release|Any CPU
	EndGlobalSection
	GlobalSection(SolutionProperties) = preSolution
		HideSolutionNode = FALSE
	EndGlobalSection
	GlobalSection(ExtensibilityGlobals) = postSolution
		SolutionGuid = {E6E2677E-34E1-42CC-93B5-C79FB15E3BA9}
	EndGlobalSection
EndGlobal
